
Microsoft Visual Studio Solution File, Format Version 12.00
# Visual Studio 15
VisualStudioVersion = 15.0.27130.2010
MinimumVisualStudioVersion = 10.0.40219.1
Project("{FAE04EC0-301F-11D3-BF4B-00C04F79EFBC}") = "RoundButtonDemo", "RoundButtonDemo\RoundButtonDemo.csproj", "{FBC87412-4D16-49DA-8C73-C3A6FA14E1AD}"
EndProject
Global
	GlobalSection(SolutionConfigurationPlatforms) = preSolution
		Debug|Any CPU = Debug|Any CPU
		Release|Any CPU = Release|Any CPU
	EndGlobalSection
	GlobalSection(ProjectConfigurationPlatforms) = postSolution
		{FBC87412-4D16-49DA-8C73-C3A6FA14E1AD}.Debug|Any CPU.ActiveCfg = Debug|Any CPU
		{FBC87412-4D16-49DA-8C73-C3A6FA14E1AD}.Debug|Any CPU.Build.0 = Debug|Any CPU
		{FBC87412-4D16-49DA-8C73-C3A6FA14E1AD}.Release|Any CPU.ActiveCfg = Release|Any CPU
		{FBC87412-4D16-49DA-8C73-C3A6FA14E1AD}.Release|Any CPU.Build.0 = Release|Any CPU
	EndGlobalSection
	GlobalSection(SolutionProperties) = preSolution
		HideSolutionNode = FALSE
	EndGlobalSection
	GlobalSection(ExtensibilityGlobals) = postSolution
		SolutionGuid = {BF40645A-B5BB-4E10-98C2-BB0A1F5BF0E2}
	EndGlobalSection
EndGlobal
